
Microsoft Visual Studio Solution File, Format Version 12.00
# Visual Studio Version 17
VisualStudioVersion = 17.0.31717.71
MinimumVisualStudioVersion = 10.0.40219.1
Project("{9A19103F-16F7-4668-BE54-9A1E7A4F7556}") = "BigDecimal", "BigDecimal\BigDecimal.csproj", "{605269CA-1534-4362-81A2-725C4EB97BCC}"
EndProject
Project("{9A19103F-16F7-4668-BE54-9A1E7A4F7556}") = "TestBigDecimal", "TestBigDecimal\TestBigDecimal.csproj", "{45B2A2DE-FD1D-4AC2-920A-2FCC4574950F}"
EndProject
Project("{2150E333-8FDC-42A3-9474-1A3956D46DE8}") = "Solution Items", "Solution Items", "{14B967DD-43D9-4797-A0B2-CD989241D463}"
	ProjectSection(SolutionItems) = preProject
		.editorconfig = .editorconfig
		LICENSE.txt = LICENSE.txt
		README.md = README.md
	EndProjectSection
EndProject
Project("{2150E333-8FDC-42A3-9474-1A3956D46DE8}") = "Tests", "Tests", "{5DE2EF52-F343-4E24-A7E4-908BFA3F195A}"
EndProject
Project("{FAE04EC0-301F-11D3-BF4B-00C04F79EFBC}") = "TestLibrainianCode", "TestLibrainianCode\TestLibrainianCode.csproj", "{5AF08A00-E742-4AEF-A91E-59E12EB0150E}"
EndProject
Project("{2150E333-8FDC-42A3-9474-1A3956D46DE8}") = "Projects", "Projects", "{9130442C-AC9C-47A9-A5D1-33EE6077A418}"
EndProject
Project("{FAE04EC0-301F-11D3-BF4B-00C04F79EFBC}") = "Librainian", "Librainian\Librainian.csproj", "{3FD18A77-4B76-4330-BC5E-6652BB8991DC}"
EndProject
Global
	GlobalSection(SolutionConfigurationPlatforms) = preSolution
		Debug|Any CPU = Debug|Any CPU
		Release|Any CPU = Release|Any CPU
	EndGlobalSection
	GlobalSection(ProjectConfigurationPlatforms) = postSolution
		{605269CA-1534-4362-81A2-725C4EB97BCC}.Debug|Any CPU.ActiveCfg = Debug|Any CPU
		{605269CA-1534-4362-81A2-725C4EB97BCC}.Debug|Any CPU.Build.0 = Debug|Any CPU
		{605269CA-1534-4362-81A2-725C4EB97BCC}.Release|Any CPU.ActiveCfg = Release|Any CPU
		{605269CA-1534-4362-81A2-725C4EB97BCC}.Release|Any CPU.Build.0 = Release|Any CPU
		{45B2A2DE-FD1D-4AC2-920A-2FCC4574950F}.Debug|Any CPU.ActiveCfg = Debug|Any CPU
		{45B2A2DE-FD1D-4AC2-920A-2FCC4574950F}.Debug|Any CPU.Build.0 = Debug|Any CPU
		{45B2A2DE-FD1D-4AC2-920A-2FCC4574950F}.Release|Any CPU.ActiveCfg = Release|Any CPU
		{45B2A2DE-FD1D-4AC2-920A-2FCC4574950F}.Release|Any CPU.Build.0 = Release|Any CPU
		{5AF08A00-E742-4AEF-A91E-59E12EB0150E}.Debug|Any CPU.ActiveCfg = Debug|Any CPU
		{5AF08A00-E742-4AEF-A91E-59E12EB0150E}.Debug|Any CPU.Build.0 = Debug|Any CPU
		{5AF08A00-E742-4AEF-A91E-59E12EB0150E}.Release|Any CPU.ActiveCfg = Release|Any CPU
		{5AF08A00-E742-4AEF-A91E-59E12EB0150E}.Release|Any CPU.Build.0 = Release|Any CPU
		{3FD18A77-4B76-4330-BC5E-6652BB8991DC}.Debug|Any CPU.ActiveCfg = Debug|Any CPU
		{3FD18A77-4B76-4330-BC5E-6652BB8991DC}.Debug|Any CPU.Build.0 = Debug|Any CPU
		{3FD18A77-4B76-4330-BC5E-6652BB8991DC}.Release|Any CPU.ActiveCfg = Release|Any CPU
		{3FD18A77-4B76-4330-BC5E-6652BB8991DC}.Release|Any CPU.Build.0 = Release|Any CPU
	EndGlobalSection
	GlobalSection(SolutionProperties) = preSolution
		HideSolutionNode = FALSE
	EndGlobalSection
	GlobalSection(NestedProjects) = preSolution
		{605269CA-1534-4362-81A2-725C4EB97BCC} = {9130442C-AC9C-47A9-A5D1-33EE6077A418}
		{45B2A2DE-FD1D-4AC2-920A-2FCC4574950F} = {5DE2EF52-F343-4E24-A7E4-908BFA3F195A}
		{5AF08A00-E742-4AEF-A91E-59E12EB0150E} = {5DE2EF52-F343-4E24-A7E4-908BFA3F195A}
		{3FD18A77-4B76-4330-BC5E-6652BB8991DC} = {9130442C-AC9C-47A9-A5D1-33EE6077A418}
	EndGlobalSection
	GlobalSection(ExtensibilityGlobals) = postSolution
		SolutionGuid = {B78CF0AE-D183-4320-A001-92D6C5FA3E29}
	EndGlobalSection
EndGlobal
